
Microsoft Visual Studio Solution File, Format Version 12.00
# Visual Studio Version 16
VisualStudioVersion = 16.0.31515.178
MinimumVisualStudioVersion = 10.0.40219.1
Project("{888888A0-9F3D-457C-B088-3A5042F75D52}") = "CS379 Project 4", "CS379 Project 4.pyproj", "{A07F3953-C9F9-485C-BABE-898F915A8D12}"
EndProject
Global
	GlobalSection(SolutionConfigurationPlatforms) = preSolution
		Debug|Any CPU = Debug|Any CPU
		Release|Any CPU = Release|Any CPU
	EndGlobalSection
	GlobalSection(ProjectConfigurationPlatforms) = postSolution
		{A07F3953-C9F9-485C-BABE-898F915A8D12}.Debug|Any CPU.ActiveCfg = Debug|Any CPU
		{A07F3953-C9F9-485C-BABE-898F915A8D12}.Release|Any CPU.ActiveCfg = Release|Any CPU
	EndGlobalSection
	GlobalSection(SolutionProperties) = preSolution
		HideSolutionNode = FALSE
	EndGlobalSection
	GlobalSection(ExtensibilityGlobals) = postSolution
		SolutionGuid = {34B69D1C-C094-43F0-96A4-A4E8A88C3BDC}
	EndGlobalSection
EndGlobal
